
Microsoft Visual Studio Solution File, Format Version 12.00
# Visual Studio Version 17
VisualStudioVersion = 17.6.33723.286
MinimumVisualStudioVersion = 10.0.40219.1
Project("{2150E333-8FDC-42A3-9474-1A3956D46DE8}") = "Services", "Services", "{526C3A4E-0B6E-4F20-9E49-6A8C3C5DD33C}"
EndProject
Project("{2150E333-8FDC-42A3-9474-1A3956D46DE8}") = "Catalog", "Catalog", "{1A6FC59B-13CE-43AC-8B53-1278F5C8A5CC}"
EndProject
Global
	GlobalSection(SolutionProperties) = preSolution
		HideSolutionNode = FALSE
	EndGlobalSection
	GlobalSection(NestedProjects) = preSolution
		{1A6FC59B-13CE-43AC-8B53-1278F5C8A5CC} = {526C3A4E-0B6E-4F20-9E49-6A8C3C5DD33C}
	EndGlobalSection
	GlobalSection(ExtensibilityGlobals) = postSolution
		SolutionGuid = {F6F96766-9ECB-4652-B0D6-CE3C94FAD5F4}
	EndGlobalSection
EndGlobal
